
Microsoft Visual Studio Solution File, Format Version 12.00
# Visual Studio Version 17
VisualStudioVersion = 17.8.34511.84
MinimumVisualStudioVersion = 10.0.40219.1
Project("{9A19103F-16F7-4668-BE54-9A1E7A4F7556}") = "FirstPro.Web", "FirstPro.Web\FirstPro.Web.csproj", "{E7CADA88-5525-4FB3-971D-05224A6275A1}"
EndProject
Project("{9A19103F-16F7-4668-BE54-9A1E7A4F7556}") = "FirstPro.DAL", "ForstPro.DAL\FirstPro.DAL.csproj", "{C4110B57-D070-4004-923C-E3CBB8B7D8A6}"
EndProject
Project("{9A19103F-16F7-4668-BE54-9A1E7A4F7556}") = "FirstPro.BLL", "FirstPro.BLL\FirstPro.BLL.csproj", "{6F9B7800-90F8-4391-B9B6-7FB739EE555B}"
EndProject
Project("{FAE04EC0-301F-11D3-BF4B-00C04F79EFBC}") = "FirstPro.API", "FirstPro.API\FirstPro.API.csproj", "{0502F521-5048-4952-AED0-F03983BAB0CB}"
EndProject
Global
	GlobalSection(SolutionConfigurationPlatforms) = preSolution
		Debug|Any CPU = Debug|Any CPU
		Release|Any CPU = Release|Any CPU
	EndGlobalSection
	GlobalSection(ProjectConfigurationPlatforms) = postSolution
		{E7CADA88-5525-4FB3-971D-05224A6275A1}.Debug|Any CPU.ActiveCfg = Debug|Any CPU
		{E7CADA88-5525-4FB3-971D-05224A6275A1}.Debug|Any CPU.Build.0 = Debug|Any CPU
		{E7CADA88-5525-4FB3-971D-05224A6275A1}.Release|Any CPU.ActiveCfg = Release|Any CPU
		{E7CADA88-5525-4FB3-971D-05224A6275A1}.Release|Any CPU.Build.0 = Release|Any CPU
		{C4110B57-D070-4004-923C-E3CBB8B7D8A6}.Debug|Any CPU.ActiveCfg = Debug|Any CPU
		{C4110B57-D070-4004-923C-E3CBB8B7D8A6}.Debug|Any CPU.Build.0 = Debug|Any CPU
		{C4110B57-D070-4004-923C-E3CBB8B7D8A6}.Release|Any CPU.ActiveCfg = Release|Any CPU
		{C4110B57-D070-4004-923C-E3CBB8B7D8A6}.Release|Any CPU.Build.0 = Release|Any CPU
		{6F9B7800-90F8-4391-B9B6-7FB739EE555B}.Debug|Any CPU.ActiveCfg = Debug|Any CPU
		{6F9B7800-90F8-4391-B9B6-7FB739EE555B}.Debug|Any CPU.Build.0 = Debug|Any CPU
		{6F9B7800-90F8-4391-B9B6-7FB739EE555B}.Release|Any CPU.ActiveCfg = Release|Any CPU
		{6F9B7800-90F8-4391-B9B6-7FB739EE555B}.Release|Any CPU.Build.0 = Release|Any CPU
		{0502F521-5048-4952-AED0-F03983BAB0CB}.Debug|Any CPU.ActiveCfg = Debug|Any CPU
		{0502F521-5048-4952-AED0-F03983BAB0CB}.Debug|Any CPU.Build.0 = Debug|Any CPU
		{0502F521-5048-4952-AED0-F03983BAB0CB}.Release|Any CPU.ActiveCfg = Release|Any CPU
		{0502F521-5048-4952-AED0-F03983BAB0CB}.Release|Any CPU.Build.0 = Release|Any CPU
	EndGlobalSection
	GlobalSection(SolutionProperties) = preSolution
		HideSolutionNode = FALSE
	EndGlobalSection
	GlobalSection(ExtensibilityGlobals) = postSolution
		SolutionGuid = {25FD9883-1CC2-4876-8CDA-994B6C1CB860}
	EndGlobalSection
EndGlobal
